{
  "name": "interview-project",
  "version": "1.0.0",
  "dependencies": {
    "foursquare-js": {
      "version": "0.1.0",
      "from": "foursquare-js@~0.1.0",
      "dependencies": {
        "log4js": {
          "version": "0.6.3",
          "from": "log4js@0.6.3",
          "dependencies": {
            "async": {
              "version": "0.1.15",
              "from": "async@0.1.15"
            },
            "dequeue": {
              "version": "1.0.3",
              "from": "dequeue@1.0.3"
            },
            "semver": {
              "version": "1.1.4",
              "from": "semver@~1.1.4"
            },
            "readable-stream": {
              "version": "1.0.2",
              "from": "readable-stream@~1.0.2"
            }
          }
        }
      }
    }
  }
}
